
Microsoft Visual Studio Solution File, Format Version 12.00
# Visual Studio Version 16
VisualStudioVersion = 16.0.29021.104
MinimumVisualStudioVersion = 10.0.40219.1
Project("{9A19103F-16F7-4668-BE54-9A1E7A4F7556}") = "SampleAzureADAuthenticationWithAzureAd", "SampleAzureADAuthenticationWithAzureAd\SampleAzureADAuthenticationWithAzureAd.csproj", "{143491CB-F5C3-42F5-A31A-89BB308DB18C}"
EndProject
Project("{9A19103F-16F7-4668-BE54-9A1E7A4F7556}") = "SampleAzureADAuthenticationWithOpenIdConnect", "SampleAzureADAuthenticationWithOpenIdConnect\SampleAzureADAuthenticationWithOpenIdConnect.csproj", "{C4AFD8C4-456A-4FBA-AE9C-09751C6994C7}"
EndProject
Global
	GlobalSection(SolutionConfigurationPlatforms) = preSolution
		Debug|Any CPU = Debug|Any CPU
		Release|Any CPU = Release|Any CPU
	EndGlobalSection
	GlobalSection(ProjectConfigurationPlatforms) = postSolution
		{143491CB-F5C3-42F5-A31A-89BB308DB18C}.Debug|Any CPU.ActiveCfg = Debug|Any CPU
		{143491CB-F5C3-42F5-A31A-89BB308DB18C}.Debug|Any CPU.Build.0 = Debug|Any CPU
		{143491CB-F5C3-42F5-A31A-89BB308DB18C}.Release|Any CPU.ActiveCfg = Release|Any CPU
		{143491CB-F5C3-42F5-A31A-89BB308DB18C}.Release|Any CPU.Build.0 = Release|Any CPU
		{C4AFD8C4-456A-4FBA-AE9C-09751C6994C7}.Debug|Any CPU.ActiveCfg = Debug|Any CPU
		{C4AFD8C4-456A-4FBA-AE9C-09751C6994C7}.Debug|Any CPU.Build.0 = Debug|Any CPU
		{C4AFD8C4-456A-4FBA-AE9C-09751C6994C7}.Release|Any CPU.ActiveCfg = Release|Any CPU
		{C4AFD8C4-456A-4FBA-AE9C-09751C6994C7}.Release|Any CPU.Build.0 = Release|Any CPU
	EndGlobalSection
	GlobalSection(SolutionProperties) = preSolution
		HideSolutionNode = FALSE
	EndGlobalSection
	GlobalSection(ExtensibilityGlobals) = postSolution
		SolutionGuid = {0FD86A6C-88A6-41AB-BB54-FD07772628A8}
	EndGlobalSection
EndGlobal
